<?xml version="1.0" encoding="utf-8"?>
<Project ToolsVersion="4.0" xmlns="http://schemas.microsoft.com/developer/msbuild/2003">
  <ItemGroup>
    <Filter Include="Source Files">
      <UniqueIdentifier>{4FC737F1-C7A5-4376-A066-2A32D752A2FF}</UniqueIdentifier>
      <Extensions>cpp;c;cc;cxx;def;odl;idl;hpj;bat;asm;asmx</Extensions>
    </Filter>
    <Filter Include="Header Files">
      <UniqueIdentifier>{93995380-89BD-4b04-88EB-625FBE52EBFB}</UniqueIdentifier>
      <Extensions>h;hh;hpp;hxx;hm;inl;inc;xsd</Extensions>
    </Filter>
    <Filter Include="Resource Files">
      <UniqueIdentifier>{67DA6AB6-F800-4c08-8B7A-83BB121AAD01}</UniqueIdentifier>
      <Extensions>rc;ico;cur;bmp;dlg;rc2;rct;bin;rgs;gif;jpg;jpeg;jpe;resx;tiff;tif;png;wav;mfcribbon-ms</Extensions>
    </Filter>
  </ItemGroup>
  <ItemGroup>
    <Text Include="ReadMe.txt" />
  </ItemGroup>
  <ItemGroup>
    <ClCompile Include="CprNumber.cpp">
      <Filter>Source Files</Filter>
    </ClCompile>
    <ClCompile Include="DemuxTable.cpp">
      <Filter>Source Files</Filter>
    </ClCompile>
    <ClCompile Include="HandleSock.cpp">
      <Filter>Source Files</Filter>
    </ClCompile>
    <ClCompile Include="HandleStub.cpp">
      <Filter>Source Files</Filter>
    </ClCompile>
    <ClCompile Include="INET_Addr.cpp">
      <Filter>Source Files</Filter>
    </ClCompile>
    <ClCompile Include="IReactor.cpp">
      <Filter>Source Files</Filter>
    </ClCompile>
    <ClCompile Include="NetworkEvent.cpp">
      <Filter>Source Files</Filter>
    </ClCompile>
    <ClCompile Include="NetworkHandle.cpp">
      <Filter>Source Files</Filter>
    </ClCompile>
    <ClCompile Include="Patient.cpp">
      <Filter>Source Files</Filter>
    </ClCompile>
    <ClCompile Include="Reactor.cpp">
      <Filter>Source Files</Filter>
    </ClCompile>
    <ClCompile Include="SOCK_Acceptor.cpp">
      <Filter>Source Files</Filter>
    </ClCompile>
    <ClCompile Include="SOCK_Connector.cpp">
      <Filter>Source Files</Filter>
    </ClCompile>
    <ClCompile Include="SOCK_Stream.cpp">
      <Filter>Source Files</Filter>
    </ClCompile>
    <ClCompile Include="SynchronousEventDemultiplexerClient.cpp">
      <Filter>Source Files</Filter>
    </ClCompile>
    <ClCompile Include="SynchronousEventDemultiplexerSock.cpp">
      <Filter>Source Files</Filter>
    </ClCompile>
    <ClCompile Include="SynchronousEventDemultiplexerStub.cpp">
      <Filter>Source Files</Filter>
    </ClCompile>
    <ClCompile Include="EventQueue.cpp">
      <Filter>Source Files</Filter>
    </ClCompile>
    <ClCompile Include="QueueItem.cpp">
      <Filter>Source Files</Filter>
    </ClCompile>
  </ItemGroup>
  <ItemGroup>
    <ClInclude Include="CprNumber.h">
      <Filter>Header Files</Filter>
    </ClInclude>
    <ClInclude Include="DemuxTable.h">
      <Filter>Header Files</Filter>
    </ClInclude>
    <ClInclude Include="Event.h">
      <Filter>Header Files</Filter>
    </ClInclude>
    <ClInclude Include="EventHandlerInterface.h">
      <Filter>Header Files</Filter>
    </ClInclude>
    <ClInclude Include="Handle.h">
      <Filter>Header Files</Filter>
    </ClInclude>
    <ClInclude Include="HandleSock.h">
      <Filter>Header Files</Filter>
    </ClInclude>
    <ClInclude Include="HandleStub.h">
      <Filter>Header Files</Filter>
    </ClInclude>
    <ClInclude Include="IAcceptor.h">
      <Filter>Header Files</Filter>
    </ClInclude>
    <ClInclude Include="IConnector.h">
      <Filter>Header Files</Filter>
    </ClInclude>
    <ClInclude Include="INET_Addr.h">
      <Filter>Header Files</Filter>
    </ClInclude>
    <ClInclude Include="IReactor.h">
      <Filter>Header Files</Filter>
    </ClInclude>
    <ClInclude Include="NetworkEvent.h">
      <Filter>Header Files</Filter>
    </ClInclude>
    <ClInclude Include="NetworkHandle.h">
      <Filter>Header Files</Filter>
    </ClInclude>
    <ClInclude Include="Patient.h">
      <Filter>Header Files</Filter>
    </ClInclude>
    <ClInclude Include="Reactor.h">
      <Filter>Header Files</Filter>
    </ClInclude>
    <ClInclude Include="SOCK_Acceptor.h">
      <Filter>Header Files</Filter>
    </ClInclude>
    <ClInclude Include="SOCK_Connector.h">
      <Filter>Header Files</Filter>
    </ClInclude>
    <ClInclude Include="SOCK_Stream.h">
      <Filter>Header Files</Filter>
    </ClInclude>
    <ClInclude Include="SynchronousEventDemultiplexerClient.h">
      <Filter>Header Files</Filter>
    </ClInclude>
    <ClInclude Include="SynchronousEventDemultiplexerInterface.h">
      <Filter>Header Files</Filter>
    </ClInclude>
    <ClInclude Include="SynchronousEventDemultiplexerSock.h">
      <Filter>Header Files</Filter>
    </ClInclude>
    <ClInclude Include="SynchronousEventDemultiplexerStub.h">
      <Filter>Header Files</Filter>
    </ClInclude>
    <ClInclude Include="EventQueue.h">
      <Filter>Header Files</Filter>
    </ClInclude>
    <ClInclude Include="QueueItem.h">
      <Filter>Header Files</Filter>
    </ClInclude>
  </ItemGroup>
</Project>